
Microsoft Visual Studio Solution File, Format Version 12.00
# Visual Studio 15
VisualStudioVersion = 15.0.27703.2035
MinimumVisualStudioVersion = 10.0.40219.1
Project("{FAE04EC0-301F-11D3-BF4B-00C04F79EFBC}") = "MyApp.Android", "MyApp\MyApp.Android\MyApp.Android.csproj", "{47E8259F-220F-4D40-B969-D64F2FEB3650}"
EndProject
Project("{FAE04EC0-301F-11D3-BF4B-00C04F79EFBC}") = "MyApp.iOS", "MyApp\MyApp.iOS\MyApp.iOS.csproj", "{9F7FCF18-AF2F-4311-A21C-7A3BC62F8D44}"
EndProject
Project("{FAE04EC0-301F-11D3-BF4B-00C04F79EFBC}") = "MyApp", "MyApp\MyApp\MyApp.csproj", "{D6704B37-AC1E-4733-87A3-477855165CD9}"
EndProject
Global
	GlobalSection(SolutionConfigurationPlatforms) = preSolution
		Ad-Hoc|Any CPU = Ad-Hoc|Any CPU
		Ad-Hoc|iPhone = Ad-Hoc|iPhone
		Ad-Hoc|iPhoneSimulator = Ad-Hoc|iPhoneSimulator
		AppStore|Any CPU = AppStore|Any CPU
		AppStore|iPhone = AppStore|iPhone
		AppStore|iPhoneSimulator = AppStore|iPhoneSimulator
		Debug|Any CPU = Debug|Any CPU
		Debug|iPhone = Debug|iPhone
		Debug|iPhoneSimulator = Debug|iPhoneSimulator
		Release|Any CPU = Release|Any CPU
		Release|iPhone = Release|iPhone
		Release|iPhoneSimulator = Release|iPhoneSimulator
	EndGlobalSection
	GlobalSection(ProjectConfigurationPlatforms) = postSolution
		{47E8259F-220F-4D40-B969-D64F2FEB3650}.Ad-Hoc|Any CPU.ActiveCfg = Release|Any CPU
		{47E8259F-220F-4D40-B969-D64F2FEB3650}.Ad-Hoc|Any CPU.Build.0 = Release|Any CPU
		{47E8259F-220F-4D40-B969-D64F2FEB3650}.Ad-Hoc|Any CPU.Deploy.0 = Release|Any CPU
		{47E8259F-220F-4D40-B969-D64F2FEB3650}.Ad-Hoc|iPhone.ActiveCfg = Release|Any CPU
		{47E8259F-220F-4D40-B969-D64F2FEB3650}.Ad-Hoc|iPhone.Build.0 = Release|Any CPU
		{47E8259F-220F-4D40-B969-D64F2FEB3650}.Ad-Hoc|iPhone.Deploy.0 = Release|Any CPU
		{47E8259F-220F-4D40-B969-D64F2FEB3650}.Ad-Hoc|iPhoneSimulator.ActiveCfg = Release|Any CPU
		{47E8259F-220F-4D40-B969-D64F2FEB3650}.Ad-Hoc|iPhoneSimulator.Build.0 = Release|Any CPU
		{47E8259F-220F-4D40-B969-D64F2FEB3650}.Ad-Hoc|iPhoneSimulator.Deploy.0 = Release|Any CPU
		{47E8259F-220F-4D40-B969-D64F2FEB3650}.AppStore|Any CPU.ActiveCfg = Release|Any CPU
		{47E8259F-220F-4D40-B969-D64F2FEB3650}.AppStore|Any CPU.Build.0 = Release|Any CPU
		{47E8259F-220F-4D40-B969-D64F2FEB3650}.AppStore|Any CPU.Deploy.0 = Release|Any CPU
		{47E8259F-220F-4D40-B969-D64F2FEB3650}.AppStore|iPhone.ActiveCfg = Release|Any CPU
		{47E8259F-220F-4D40-B969-D64F2FEB3650}.AppStore|iPhone.Build.0 = Release|Any CPU
		{47E8259F-220F-4D40-B969-D64F2FEB3650}.AppStore|iPhone.Deploy.0 = Release|Any CPU
		{47E8259F-220F-4D40-B969-D64F2FEB3650}.AppStore|iPhoneSimulator.ActiveCfg = Release|Any CPU
		{47E8259F-220F-4D40-B969-D64F2FEB3650}.AppStore|iPhoneSimulator.Build.0 = Release|Any CPU
		{47E8259F-220F-4D40-B969-D64F2FEB3650}.AppStore|iPhoneSimulator.Deploy.0 = Release|Any CPU
		{47E8259F-220F-4D40-B969-D64F2FEB3650}.Debug|Any CPU.ActiveCfg = Debug|Any CPU
		{47E8259F-220F-4D40-B969-D64F2FEB3650}.Debug|Any CPU.Build.0 = Debug|Any CPU
		{47E8259F-220F-4D40-B969-D64F2FEB3650}.Debug|Any CPU.Deploy.0 = Debug|Any CPU
		{47E8259F-220F-4D40-B969-D64F2FEB3650}.Debug|iPhone.ActiveCfg = Debug|Any CPU
		{47E8259F-220F-4D40-B969-D64F2FEB3650}.Debug|iPhone.Build.0 = Debug|Any CPU
		{47E8259F-220F-4D40-B969-D64F2FEB3650}.Debug|iPhone.Deploy.0 = Debug|Any CPU
		{47E8259F-220F-4D40-B969-D64F2FEB3650}.Debug|iPhoneSimulator.ActiveCfg = Debug|Any CPU
		{47E8259F-220F-4D40-B969-D64F2FEB3650}.Debug|iPhoneSimulator.Build.0 = Debug|Any CPU
		{47E8259F-220F-4D40-B969-D64F2FEB3650}.Debug|iPhoneSimulator.Deploy.0 = Debug|Any CPU
		{47E8259F-220F-4D40-B969-D64F2FEB3650}.Release|Any CPU.ActiveCfg = Release|Any CPU
		{47E8259F-220F-4D40-B969-D64F2FEB3650}.Release|Any CPU.Build.0 = Release|Any CPU
		{47E8259F-220F-4D40-B969-D64F2FEB3650}.Release|Any CPU.Deploy.0 = Release|Any CPU
		{47E8259F-220F-4D40-B969-D64F2FEB3650}.Release|iPhone.ActiveCfg = Release|Any CPU
		{47E8259F-220F-4D40-B969-D64F2FEB3650}.Release|iPhone.Build.0 = Release|Any CPU
		{47E8259F-220F-4D40-B969-D64F2FEB3650}.Release|iPhone.Deploy.0 = Release|Any CPU
		{47E8259F-220F-4D40-B969-D64F2FEB3650}.Release|iPhoneSimulator.ActiveCfg = Release|Any CPU
		{47E8259F-220F-4D40-B969-D64F2FEB3650}.Release|iPhoneSimulator.Build.0 = Release|Any CPU
		{47E8259F-220F-4D40-B969-D64F2FEB3650}.Release|iPhoneSimulator.Deploy.0 = Release|Any CPU
		{9F7FCF18-AF2F-4311-A21C-7A3BC62F8D44}.Ad-Hoc|Any CPU.ActiveCfg = Ad-Hoc|iPhone
		{9F7FCF18-AF2F-4311-A21C-7A3BC62F8D44}.Ad-Hoc|Any CPU.Build.0 = Ad-Hoc|iPhone
		{9F7FCF18-AF2F-4311-A21C-7A3BC62F8D44}.Ad-Hoc|Any CPU.Deploy.0 = Ad-Hoc|iPhone
		{9F7FCF18-AF2F-4311-A21C-7A3BC62F8D44}.Ad-Hoc|iPhone.ActiveCfg = Ad-Hoc|iPhone
		{9F7FCF18-AF2F-4311-A21C-7A3BC62F8D44}.Ad-Hoc|iPhone.Build.0 = Ad-Hoc|iPhone
		{9F7FCF18-AF2F-4311-A21C-7A3BC62F8D44}.Ad-Hoc|iPhone.Deploy.0 = Ad-Hoc|iPhone
		{9F7FCF18-AF2F-4311-A21C-7A3BC62F8D44}.Ad-Hoc|iPhoneSimulator.ActiveCfg = Ad-Hoc|iPhoneSimulator
		{9F7FCF18-AF2F-4311-A21C-7A3BC62F8D44}.Ad-Hoc|iPhoneSimulator.Build.0 = Ad-Hoc|iPhoneSimulator
		{9F7FCF18-AF2F-4311-A21C-7A3BC62F8D44}.Ad-Hoc|iPhoneSimulator.Deploy.0 = Ad-Hoc|iPhoneSimulator
		{9F7FCF18-AF2F-4311-A21C-7A3BC62F8D44}.AppStore|Any CPU.ActiveCfg = AppStore|iPhone
		{9F7FCF18-AF2F-4311-A21C-7A3BC62F8D44}.AppStore|Any CPU.Build.0 = AppStore|iPhone
		{9F7FCF18-AF2F-4311-A21C-7A3BC62F8D44}.AppStore|Any CPU.Deploy.0 = AppStore|iPhone
		{9F7FCF18-AF2F-4311-A21C-7A3BC62F8D44}.AppStore|iPhone.ActiveCfg = AppStore|iPhone
		{9F7FCF18-AF2F-4311-A21C-7A3BC62F8D44}.AppStore|iPhone.Build.0 = AppStore|iPhone
		{9F7FCF18-AF2F-4311-A21C-7A3BC62F8D44}.AppStore|iPhone.Deploy.0 = AppStore|iPhone
		{9F7FCF18-AF2F-4311-A21C-7A3BC62F8D44}.AppStore|iPhoneSimulator.ActiveCfg = AppStore|iPhoneSimulator
		{9F7FCF18-AF2F-4311-A21C-7A3BC62F8D44}.AppStore|iPhoneSimulator.Build.0 = AppStore|iPhoneSimulator
		{9F7FCF18-AF2F-4311-A21C-7A3BC62F8D44}.AppStore|iPhoneSimulator.Deploy.0 = AppStore|iPhoneSimulator
		{9F7FCF18-AF2F-4311-A21C-7A3BC62F8D44}.Debug|Any CPU.ActiveCfg = Debug|iPhoneSimulator
		{9F7FCF18-AF2F-4311-A21C-7A3BC62F8D44}.Debug|Any CPU.Build.0 = Debug|iPhoneSimulator
		{9F7FCF18-AF2F-4311-A21C-7A3BC62F8D44}.Debug|Any CPU.Deploy.0 = Debug|iPhoneSimulator
		{9F7FCF18-AF2F-4311-A21C-7A3BC62F8D44}.Debug|iPhone.ActiveCfg = Debug|iPhone
		{9F7FCF18-AF2F-4311-A21C-7A3BC62F8D44}.Debug|iPhone.Build.0 = Debug|iPhone
		{9F7FCF18-AF2F-4311-A21C-7A3BC62F8D44}.Debug|iPhone.Deploy.0 = Debug|iPhone
		{9F7FCF18-AF2F-4311-A21C-7A3BC62F8D44}.Debug|iPhoneSimulator.ActiveCfg = Debug|iPhoneSimulator
		{9F7FCF18-AF2F-4311-A21C-7A3BC62F8D44}.Debug|iPhoneSimulator.Build.0 = Debug|iPhoneSimulator
		{9F7FCF18-AF2F-4311-A21C-7A3BC62F8D44}.Debug|iPhoneSimulator.Deploy.0 = Debug|iPhoneSimulator
		{9F7FCF18-AF2F-4311-A21C-7A3BC62F8D44}.Release|Any CPU.ActiveCfg = Release|iPhone
		{9F7FCF18-AF2F-4311-A21C-7A3BC62F8D44}.Release|Any CPU.Build.0 = Release|iPhone
		{9F7FCF18-AF2F-4311-A21C-7A3BC62F8D44}.Release|Any CPU.Deploy.0 = Release|iPhone
		{9F7FCF18-AF2F-4311-A21C-7A3BC62F8D44}.Release|iPhone.ActiveCfg = Release|iPhone
		{9F7FCF18-AF2F-4311-A21C-7A3BC62F8D44}.Release|iPhone.Build.0 = Release|iPhone
		{9F7FCF18-AF2F-4311-A21C-7A3BC62F8D44}.Release|iPhone.Deploy.0 = Release|iPhone
		{9F7FCF18-AF2F-4311-A21C-7A3BC62F8D44}.Release|iPhoneSimulator.ActiveCfg = Release|iPhoneSimulator
		{9F7FCF18-AF2F-4311-A21C-7A3BC62F8D44}.Release|iPhoneSimulator.Build.0 = Release|iPhoneSimulator
		{9F7FCF18-AF2F-4311-A21C-7A3BC62F8D44}.Release|iPhoneSimulator.Deploy.0 = Release|iPhoneSimulator
		{D6704B37-AC1E-4733-87A3-477855165CD9}.Ad-Hoc|Any CPU.ActiveCfg = Debug|Any CPU
		{D6704B37-AC1E-4733-87A3-477855165CD9}.Ad-Hoc|Any CPU.Build.0 = Debug|Any CPU
		{D6704B37-AC1E-4733-87A3-477855165CD9}.Ad-Hoc|Any CPU.Deploy.0 = Debug|Any CPU
		{D6704B37-AC1E-4733-87A3-477855165CD9}.Ad-Hoc|iPhone.ActiveCfg = Debug|Any CPU
		{D6704B37-AC1E-4733-87A3-477855165CD9}.Ad-Hoc|iPhone.Build.0 = Debug|Any CPU
		{D6704B37-AC1E-4733-87A3-477855165CD9}.Ad-Hoc|iPhone.Deploy.0 = Debug|Any CPU
		{D6704B37-AC1E-4733-87A3-477855165CD9}.Ad-Hoc|iPhoneSimulator.ActiveCfg = Debug|Any CPU
		{D6704B37-AC1E-4733-87A3-477855165CD9}.Ad-Hoc|iPhoneSimulator.Build.0 = Debug|Any CPU
		{D6704B37-AC1E-4733-87A3-477855165CD9}.Ad-Hoc|iPhoneSimulator.Deploy.0 = Debug|Any CPU
		{D6704B37-AC1E-4733-87A3-477855165CD9}.AppStore|Any CPU.ActiveCfg = Debug|Any CPU
		{D6704B37-AC1E-4733-87A3-477855165CD9}.AppStore|Any CPU.Build.0 = Debug|Any CPU
		{D6704B37-AC1E-4733-87A3-477855165CD9}.AppStore|Any CPU.Deploy.0 = Debug|Any CPU
		{D6704B37-AC1E-4733-87A3-477855165CD9}.AppStore|iPhone.ActiveCfg = Debug|Any CPU
		{D6704B37-AC1E-4733-87A3-477855165CD9}.AppStore|iPhone.Build.0 = Debug|Any CPU
		{D6704B37-AC1E-4733-87A3-477855165CD9}.AppStore|iPhone.Deploy.0 = Debug|Any CPU
		{D6704B37-AC1E-4733-87A3-477855165CD9}.AppStore|iPhoneSimulator.ActiveCfg = Debug|Any CPU
		{D6704B37-AC1E-4733-87A3-477855165CD9}.AppStore|iPhoneSimulator.Build.0 = Debug|Any CPU
		{D6704B37-AC1E-4733-87A3-477855165CD9}.AppStore|iPhoneSimulator.Deploy.0 = Debug|Any CPU
		{D6704B37-AC1E-4733-87A3-477855165CD9}.Debug|Any CPU.ActiveCfg = Debug|Any CPU
		{D6704B37-AC1E-4733-87A3-477855165CD9}.Debug|Any CPU.Build.0 = Debug|Any CPU
		{D6704B37-AC1E-4733-87A3-477855165CD9}.Debug|Any CPU.Deploy.0 = Debug|Any CPU
		{D6704B37-AC1E-4733-87A3-477855165CD9}.Debug|iPhone.ActiveCfg = Debug|Any CPU
		{D6704B37-AC1E-4733-87A3-477855165CD9}.Debug|iPhone.Build.0 = Debug|Any CPU
		{D6704B37-AC1E-4733-87A3-477855165CD9}.Debug|iPhone.Deploy.0 = Debug|Any CPU
		{D6704B37-AC1E-4733-87A3-477855165CD9}.Debug|iPhoneSimulator.ActiveCfg = Debug|Any CPU
		{D6704B37-AC1E-4733-87A3-477855165CD9}.Debug|iPhoneSimulator.Build.0 = Debug|Any CPU
		{D6704B37-AC1E-4733-87A3-477855165CD9}.Debug|iPhoneSimulator.Deploy.0 = Debug|Any CPU
		{D6704B37-AC1E-4733-87A3-477855165CD9}.Release|Any CPU.ActiveCfg = Release|Any CPU
		{D6704B37-AC1E-4733-87A3-477855165CD9}.Release|Any CPU.Build.0 = Release|Any CPU
		{D6704B37-AC1E-4733-87A3-477855165CD9}.Release|Any CPU.Deploy.0 = Release|Any CPU
		{D6704B37-AC1E-4733-87A3-477855165CD9}.Release|iPhone.ActiveCfg = Release|Any CPU
		{D6704B37-AC1E-4733-87A3-477855165CD9}.Release|iPhone.Build.0 = Release|Any CPU
		{D6704B37-AC1E-4733-87A3-477855165CD9}.Release|iPhone.Deploy.0 = Release|Any CPU
		{D6704B37-AC1E-4733-87A3-477855165CD9}.Release|iPhoneSimulator.ActiveCfg = Release|Any CPU
		{D6704B37-AC1E-4733-87A3-477855165CD9}.Release|iPhoneSimulator.Build.0 = Release|Any CPU
		{D6704B37-AC1E-4733-87A3-477855165CD9}.Release|iPhoneSimulator.Deploy.0 = Release|Any CPU
	EndGlobalSection
	GlobalSection(SolutionProperties) = preSolution
		HideSolutionNode = FALSE
	EndGlobalSection
	GlobalSection(ExtensibilityGlobals) = postSolution
		SolutionGuid = {100D7525-FA0F-4A60-9684-379A096C0C30}
	EndGlobalSection
EndGlobal
